
Microsoft Visual Studio Solution File, Format Version 12.00
# Visual Studio 15
VisualStudioVersion = 15.0.28010.2016
MinimumVisualStudioVersion = 10.0.40219.1
Project("{FAE04EC0-301F-11D3-BF4B-00C04F79EFBC}") = "BibliotecaASPCore", "BibliotecaASPCore\BibliotecaASPCore.csproj", "{A49009FE-22AA-4F1E-AE31-7802DCC7E82E}"
EndProject
Global
	GlobalSection(SolutionConfigurationPlatforms) = preSolution
		Debug|Any CPU = Debug|Any CPU
		Release|Any CPU = Release|Any CPU
	EndGlobalSection
	GlobalSection(ProjectConfigurationPlatforms) = postSolution
		{A49009FE-22AA-4F1E-AE31-7802DCC7E82E}.Debug|Any CPU.ActiveCfg = Debug|Any CPU
		{A49009FE-22AA-4F1E-AE31-7802DCC7E82E}.Debug|Any CPU.Build.0 = Debug|Any CPU
		{A49009FE-22AA-4F1E-AE31-7802DCC7E82E}.Release|Any CPU.ActiveCfg = Release|Any CPU
		{A49009FE-22AA-4F1E-AE31-7802DCC7E82E}.Release|Any CPU.Build.0 = Release|Any CPU
	EndGlobalSection
	GlobalSection(SolutionProperties) = preSolution
		HideSolutionNode = FALSE
	EndGlobalSection
	GlobalSection(ExtensibilityGlobals) = postSolution
		SolutionGuid = {FEA9AA5C-C030-4F7E-A508-C521CED13E26}
	EndGlobalSection
EndGlobal
